{
  "name": "solopro-electron",
  "version": "1.6.0",
  "lockfileVersion": 3,
  "requires": true,
  "packages": {
    "": {
      "name": "solopro-electron",
      "version": "1.6.0",
      "hasInstallScript": true,
      "license": "GPL-3.0-or-later",
      "devDependencies": {
        "@electron/notarize": "^3.0.1",
        "dotenv": "^16.5.0",
        "electron": "^30.0.0",
        "electron-builder": "^24.13.1"
      }
    },
    "../node_modules/.pnpm/electron-builder@24.13.3_electron-builder-squirrel-windows@24.13.3/node_modules/electron-builder": {
      "version": "24.13.3",
      "dev": true,
      "license": "MIT",
      "dependencies": {
        "app-builder-lib": "24.13.3",
        "builder-util": "24.13.1",
        "builder-util-runtime": "9.2.4",
        "chalk": "^4.1.2",
        "dmg-builder": "24.13.3",
        "fs-extra": "^10.1.0",
        "is-ci": "^3.0.0",
        "lazy-val": "^1.0.5",
        "read-config-file": "6.3.2",
        "simple-update-notifier": "2.0.0",
        "yargs": "^17.6.2"
      },
      "bin": {
        "electron-builder": "cli.js",
        "install-app-deps": "install-app-deps.js"
      },
      "devDependencies": {
        "@types/fs-extra": "9.0.13",
        "@types/is-ci": "3.0.0",
        "@types/yargs": "^17.0.16"
      },
      "engines": {
        "node": ">=14.0.0"
      }
    },
    "../node_modules/.pnpm/electron@30.5.1/node_modules/electron": {
      "version": "30.5.1",
      "dev": true,
      "hasInstallScript": true,
      "license": "MIT",
      "dependencies": {
        "@electron/get": "^2.0.0",
        "@types/node": "^20.9.0",
        "extract-zip": "^2.0.1"
      },
      "bin": {
        "electron": "cli.js"
      },
      "engines": {
        "node": ">= 12.20.55"
      }
    },
    "node_modules/@electron/notarize": {
      "version": "3.0.1",
      "resolved": "https://registry.npmjs.org/@electron/notarize/-/notarize-3.0.1.tgz",
      "integrity": "sha512-5xzcOwvMGNjkSk7s0sPx4XcKWei9FYk4f2S5NkSorWW0ce5yktTOtlPa0W5yQHcREILh+C3JdH+t+M637g9TmQ==",
      "dev": true,
      "license": "MIT",
      "dependencies": {
        "debug": "^4.4.0",
        "promise-retry": "^2.0.1"
      },
      "engines": {
        "node": ">= 22.12.0"
      }
    },
    "node_modules/debug": {
      "version": "4.4.1",
      "resolved": "https://registry.npmjs.org/debug/-/debug-4.4.1.tgz",
      "integrity": "sha512-KcKCqiftBJcZr++7ykoDIEwSa3XWowTfNPo92BYxjXiyYEVrUQh2aLyhxBCwww+heortUFxEJYcRzosstTEBYQ==",
      "dev": true,
      "license": "MIT",
      "dependencies": {
        "ms": "^2.1.3"
      },
      "engines": {
        "node": ">=6.0"
      },
      "peerDependenciesMeta": {
        "supports-color": {
          "optional": true
        }
      }
    },
    "node_modules/dotenv": {
      "version": "16.5.0",
      "resolved": "https://registry.npmjs.org/dotenv/-/dotenv-16.5.0.tgz",
      "integrity": "sha512-m/C+AwOAr9/W1UOIZUo232ejMNnJAJtYQjUbHoNTBNTJSvqzzDh7vnrei3o3r3m9blf6ZoDkvcw0VmozNRFJxg==",
      "dev": true,
      "license": "BSD-2-Clause",
      "engines": {
        "node": ">=12"
      },
      "funding": {
        "url": "https://dotenvx.com"
      }
    },
    "node_modules/electron": {
      "resolved": "../node_modules/.pnpm/electron@30.5.1/node_modules/electron",
      "link": true
    },
    "node_modules/electron-builder": {
      "resolved": "../node_modules/.pnpm/electron-builder@24.13.3_electron-builder-squirrel-windows@24.13.3/node_modules/electron-builder",
      "link": true
    },
    "node_modules/err-code": {
      "version": "2.0.3",
      "resolved": "https://registry.npmjs.org/err-code/-/err-code-2.0.3.tgz",
      "integrity": "sha512-2bmlRpNKBxT/CRmPOlyISQpNj+qSeYvcym/uT0Jx2bMOlKLtSy1ZmLuVxSEKKyor/N5yhvp/ZiG1oE3DEYMSFA==",
      "dev": true,
      "license": "MIT"
    },
    "node_modules/ms": {
      "version": "2.1.3",
      "resolved": "https://registry.npmjs.org/ms/-/ms-2.1.3.tgz",
      "integrity": "sha512-6FlzubTLZG3J2a/NVCAleEhjzq5oxgHyaCU9yYXvcLsvoVaHJq/s5xXI6/XXP6tz7R9xAOtHnSO/tXtF3WRTlA==",
      "dev": true,
      "license": "MIT"
    },
    "node_modules/promise-retry": {
      "version": "2.0.1",
      "resolved": "https://registry.npmjs.org/promise-retry/-/promise-retry-2.0.1.tgz",
      "integrity": "sha512-y+WKFlBR8BGXnsNlIHFGPZmyDf3DFMoLhaflAnyZgV6rG6xu+JwesTo2Q9R6XwYmtmwAFCkAk3e35jEdoeh/3g==",
      "dev": true,
      "license": "MIT",
      "dependencies": {
        "err-code": "^2.0.2",
        "retry": "^0.12.0"
      },
      "engines": {
        "node": ">=10"
      }
    },
    "node_modules/retry": {
      "version": "0.12.0",
      "resolved": "https://registry.npmjs.org/retry/-/retry-0.12.0.tgz",
      "integrity": "sha512-9LkiTwjUh6rT555DtE9rTX+BKByPfrMzEAtnlEtdEwr3Nkffwiihqe2bWADg+OQRjt9gl6ICdmB/ZFDCGAtSow==",
      "dev": true,
      "license": "MIT",
      "engines": {
        "node": ">= 4"
      }
    }
  }
}
